// !$*UTF8*$!
{
	archiveVersion = 1;
	classes = {
	};
	objectVersion = 46;
	objects = {

/* Begin PBXBuildFile section */
		3F0577701898C6E700BB383A /* Foundation.framework in Frameworks */ = {isa = PBXBuildFile; fileRef = 3F05776F1898C6E700BB383A /* Foundation.framework */; };
		3F0577721898C6E700BB383A /* CoreGraphics.framework in Frameworks */ = {isa = PBXBuildFile; fileRef = 3F0577711898C6E700BB383A /* CoreGraphics.framework */; };
		3F0577741898C6E700BB383A /* UIKit.framework in Frameworks */ = {isa = PBXBuildFile; fileRef = 3F0577731898C6E700BB383A /* UIKit.framework */; };
		3F05777A1898C6E700BB383A /* InfoPlist.strings in Resources */ = {isa = PBXBuildFile; fileRef = 3F0577781898C6E700BB383A /* InfoPlist.strings */; };
		3F05777C1898C6E700BB383A /* main.m in Sources */ = {isa = PBXBuildFile; fileRef = 3F05777B1898C6E700BB383A /* main.m */; };
		3F0577801898C6E700BB383A /* MARAppDelegate.m in Sources */ = {isa = PBXBuildFile; fileRef = 3F05777F1898C6E700BB383A /* MARAppDelegate.m */; };
		3F0577831898C6E700BB383A /* Main.storyboard in Resources */ = {isa = PBXBuildFile; fileRef = 3F0577811898C6E700BB383A /* Main.storyboard */; };
		3F0577861898C6E700BB383A /* MARViewController.m in Sources */ = {isa = PBXBuildFile; fileRef = 3F0577851898C6E700BB383A /* MARViewController.m */; };
		3F0577881898C6E700BB383A /* Images.xcassets in Resources */ = {isa = PBXBuildFile; fileRef = 3F0577871898C6E700BB383A /* Images.xcassets */; };
		3F05778F1898C6E700BB383A /* XCTest.framework in Frameworks */ = {isa = PBXBuildFile; fileRef = 3F05778E1898C6E700BB383A /* XCTest.framework */; };
		3F0577901898C6E700BB383A /* Foundation.framework in Frameworks */ = {isa = PBXBuildFile; fileRef = 3F05776F1898C6E700BB383A /* Foundation.framework */; };
		3F0577911898C6E700BB383A /* UIKit.framework in Frameworks */ = {isa = PBXBuildFile; fileRef = 3F0577731898C6E700BB383A /* UIKit.framework */; };
		3F0577991898C6E700BB383A /* InfoPlist.strings in Resources */ = {isa = PBXBuildFile; fileRef = 3F0577971898C6E700BB383A /* InfoPlist.strings */; };
		3F05779B1898C6E700BB383A /* Udemy_iOSFeederTests.m in Sources */ = {isa = PBXBuildFile; fileRef = 3F05779A1898C6E700BB383A /* Udemy_iOSFeederTests.m */; };
/* End PBXBuildFile section */

/* Begin PBXContainerItemProxy section */
		3F0577921898C6E700BB383A /* PBXContainerItemProxy */ = {
			isa = PBXContainerItemProxy;
			containerPortal = 3F0577641898C6E700BB383A /* Project object */;
			proxyType = 1;
			remoteGlobalIDString = 3F05776B1898C6E700BB383A;
			remoteInfo = "Udemy-iOSFeeder";
		};
/* End PBXContainerItemProxy section */

/* Begin PBXFileReference section */
		3F05776C1898C6E700BB383A /* Udemy-iOSFeeder.app */ = {isa = PBXFileReference; explicitFileType = wrapper.application; includeInIndex = 0; path = "Udemy-iOSFeeder.app"; sourceTree = BUILT_PRODUCTS_DIR; };
		3F05776F1898C6E700BB383A /* Foundation.framework */ = {isa = PBXFileReference; lastKnownFileType = wrapper.framework; name = Foundation.framework; path = System/Library/Frameworks/Foundation.framework; sourceTree = SDKROOT; };
		3F0577711898C6E700BB383A /* CoreGraphics.framework */ = {isa = PBXFileReference; lastKnownFileType = wrapper.framework; name = CoreGraphics.framework; path = System/Library/Frameworks/CoreGraphics.framework; sourceTree = SDKROOT; };
		3F0577731898C6E700BB383A /* UIKit.framework */ = {isa = PBXFileReference; lastKnownFileType = wrapper.framework; name = UIKit.framework; path = System/Library/Frameworks/UIKit.framework; sourceTree = SDKROOT; };
		3F0577771898C6E700BB383A /* Udemy-iOSFeeder-Info.plist */ = {isa = PBXFileReference; lastKnownFileType = text.plist.xml; path = "Udemy-iOSFeeder-Info.plist"; sourceTree = "<group>"; };
		3F0577791898C6E700BB383A /* en */ = {isa = PBXFileReference; lastKnownFileType = text.plist.strings; name = en; path = en.lproj/InfoPlist.strings; sourceTree = "<group>"; };
		3F05777B1898C6E700BB383A /* main.m */ = {isa = PBXFileReference; lastKnownFileType = sourcecode.c.objc; path = main.m; sourceTree = "<group>"; };
		3F05777D1898C6E700BB383A /* Udemy-iOSFeeder-Prefix.pch */ = {isa = PBXFileReference; lastKnownFileType = sourcecode.c.h; path = "Udemy-iOSFeeder-Prefix.pch"; sourceTree = "<group>"; };
		3F05777E1898C6E700BB383A /* MARAppDelegate.h */ = {isa = PBXFileReference; lastKnownFileType = sourcecode.c.h; path = MARAppDelegate.h; sourceTree = "<group>"; };
		3F05777F1898C6E700BB383A /* MARAppDelegate.m */ = {isa = PBXFileReference; lastKnownFileType = sourcecode.c.objc; path = MARAppDelegate.m; sourceTree = "<group>"; };
		3F0577821898C6E700BB383A /* Base */ = {isa = PBXFileReference; lastKnownFileType = file.storyboard; name = Base; path = Base.lproj/Main.storyboard; sourceTree = "<group>"; };
		3F0577841898C6E700BB383A /* MARViewController.h */ = {isa = PBXFileReference; lastKnownFileType = sourcecode.c.h; path = MARViewController.h; sourceTree = "<group>"; };
		3F0577851898C6E700BB383A /* MARViewController.m */ = {isa = PBXFileReference; lastKnownFileType = sourcecode.c.objc; path = MARViewController.m; sourceTree = "<group>"; };
		3F0577871898C6E700BB383A /* Images.xcassets */ = {isa = PBXFileReference; lastKnownFileType = folder.assetcatalog; path = Images.xcassets; sourceTree = "<group>"; };
		3F05778D1898C6E700BB383A /* Udemy-iOSFeederTests.xctest */ = {isa = PBXFileReference; explicitFileType = wrapper.cfbundle; includeInIndex = 0; path = "Udemy-iOSFeederTests.xctest"; sourceTree = BUILT_PRODUCTS_DIR; };
		3F05778E1898C6E700BB383A /* XCTest.framework */ = {isa = PBXFileReference; lastKnownFileType = wrapper.framework; name = XCTest.framework; path = Library/Frameworks/XCTest.framework; sourceTree = DEVELOPER_DIR; };
		3F0577961898C6E700BB383A /* Udemy-iOSFeederTests-Info.plist */ = {isa = PBXFileReference; lastKnownFileType = text.plist.xml; path = "Udemy-iOSFeederTests-Info.plist"; sourceTree = "<group>"; };
		3F0577981898C6E700BB383A /* en */ = {isa = PBXFileReference; lastKnownFileType = text.plist.strings; name = en; path = en.lproj/InfoPlist.strings; sourceTree = "<group>"; };
		3F05779A1898C6E700BB383A /* Udemy_iOSFeederTests.m */ = {isa = PBXFileReference; lastKnownFileType = sourcecode.c.objc; path = Udemy_iOSFeederTests.m; sourceTree = "<group>"; };
/* End PBXFileReference section */

/* Begin PBXFrameworksBuildPhase section */
		3F0577691898C6E700BB383A /* Frameworks */ = {
			isa = PBXFrameworksBuildPhase;
			buildActionMask = 2147483647;
			files = (
				3F0577721898C6E700BB383A /* CoreGraphics.framework in Frameworks */,
				3F0577741898C6E700BB383A /* UIKit.framework in Frameworks */,
				3F0577701898C6E700BB383A /* Foundation.framework in Frameworks */,
			);
			runOnlyForDeploymentPostprocessing = 0;
		};
		3F05778A1898C6E700BB383A /* Frameworks */ = {
			isa = PBXFrameworksBuildPhase;
			buildActionMask = 2147483647;
			files = (
				3F05778F1898C6E700BB383A /* XCTest.framework in Frameworks */,
				3F0577911898C6E700BB383A /* UIKit.framework in Frameworks */,
				3F0577901898C6E700BB383A /* Foundation.framework in Frameworks */,
			);
			runOnlyForDeploymentPostprocessing = 0;
		};
/* End PBXFrameworksBuildPhase section */

/* Begin PBXGroup section */
		3F0577631898C6E700BB383A = {
			isa = PBXGroup;
			children = (
				3F0577751898C6E700BB383A /* Udemy-iOSFeeder */,
				3F0577941898C6E700BB383A /* Udemy-iOSFeederTests */,
				3F05776E1898C6E700BB383A /* Frameworks */,
				3F05776D1898C6E700BB383A /* Products */,
			);
			sourceTree = "<group>";
		};
		3F05776D1898C6E700BB383A /* Products */ = {
			isa = PBXGroup;
			children = (
				3F05776C1898C6E700BB383A /* Udemy-iOSFeeder.app */,
				3F05778D1898C6E700BB383A /* Udemy-iOSFeederTests.xctest */,
			);
			name = Products;
			sourceTree = "<group>";
		};
		3F05776E1898C6E700BB383A /* Frameworks */ = {
			isa = PBXGroup;
			children = (
				3F05776F1898C6E700BB383A /* Foundation.framework */,
				3F0577711898C6E700BB383A /* CoreGraphics.framework */,
				3F0577731898C6E700BB383A /* UIKit.framework */,
				3F05778E1898C6E700BB383A /* XCTest.framework */,
			);
			name = Frameworks;
			sourceTree = "<group>";
		};
		3F0577751898C6E700BB383A /* Udemy-iOSFeeder */ = {
			isa = PBXGroup;
			children = (
				3F05777E1898C6E700BB383A /* MARAppDelegate.h */,
				3F05777F1898C6E700BB383A /* MARAppDelegate.m */,
				3F0577811898C6E700BB383A /* Main.storyboard */,
				3F0577841898C6E700BB383A /* MARViewController.h */,
				3F0577851898C6E700BB383A /* MARViewController.m */,
				3F0577871898C6E700BB383A /* Images.xcassets */,
				3F0577761898C6E700BB383A /* Supporting Files */,
			);
			path = "Udemy-iOSFeeder";
			sourceTree = "<group>";
		};
		3F0577761898C6E700BB383A /* Supporting Files */ = {
			isa = PBXGroup;
			children = (
				3F0577771898C6E700BB383A /* Udemy-iOSFeeder-Info.plist */,
				3F0577781898C6E700BB383A /* InfoPlist.strings */,
				3F05777B1898C6E700BB383A /* main.m */,
				3F05777D1898C6E700BB383A /* Udemy-iOSFeeder-Prefix.pch */,
			);
			name = "Supporting Files";
			sourceTree = "<group>";
		};
		3F0577941898C6E700BB383A /* Udemy-iOSFeederTests */ = {
			isa = PBXGroup;
			children = (
				3F05779A1898C6E700BB383A /* Udemy_iOSFeederTests.m */,
				3F0577951898C6E700BB383A /* Supporting Files */,
			);
			path = "Udemy-iOSFeederTests";
			sourceTree = "<group>";
		};
		3F0577951898C6E700BB383A /* Supporting Files */ = {
			isa = PBXGroup;
			children = (
				3F0577961898C6E700BB383A /* Udemy-iOSFeederTests-Info.plist */,
				3F0577971898C6E700BB383A /* InfoPlist.strings */,
			);
			name = "Supporting Files";
			sourceTree = "<group>";
		};
/* End PBXGroup section */

/* Begin PBXNativeTarget section */
		3F05776B1898C6E700BB383A /* Udemy-iOSFeeder */ = {
			isa = PBXNativeTarget;
			buildConfigurationList = 3F05779E1898C6E700BB383A /* Build configuration list for PBXNativeTarget "Udemy-iOSFeeder" */;
			buildPhases = (
				3F0577681898C6E700BB383A /* Sources */,
				3F0577691898C6E700BB383A /* Frameworks */,
				3F05776A1898C6E700BB383A /* Resources */,
			);
			buildRules = (
			);
			dependencies = (
			);
			name = "Udemy-iOSFeeder";
			productName = "Udemy-iOSFeeder";
			productReference = 3F05776C1898C6E700BB383A /* Udemy-iOSFeeder.app */;
			productType = "com.apple.product-type.application";
		};
		3F05778C1898C6E700BB383A /* Udemy-iOSFeederTests */ = {
			isa = PBXNativeTarget;
			buildConfigurationList = 3F0577A11898C6E700BB383A /* Build configuration list for PBXNativeTarget "Udemy-iOSFeederTests" */;
			buildPhases = (
				3F0577891898C6E700BB383A /* Sources */,
				3F05778A1898C6E700BB383A /* Frameworks */,
				3F05778B1898C6E700BB383A /* Resources */,
			);
			buildRules = (
			);
			dependencies = (
				3F0577931898C6E700BB383A /* PBXTargetDependency */,
			);
			name = "Udemy-iOSFeederTests";
			productName = "Udemy-iOSFeederTests";
			productReference = 3F05778D1898C6E700BB383A /* Udemy-iOSFeederTests.xctest */;
			productType = "com.apple.product-type.bundle.unit-test";
		};
/* End PBXNativeTarget section */

/* Begin PBXProject section */
		3F0577641898C6E700BB383A /* Project object */ = {
			isa = PBXProject;
			attributes = {
				CLASSPREFIX = MAR;
				LastUpgradeCheck = 0500;
				ORGANIZATIONNAME = "Ramirez, Miguel";
				TargetAttributes = {
					3F05778C1898C6E700BB383A = {
						TestTargetID = 3F05776B1898C6E700BB383A;
					};
				};
			};
			buildConfigurationList = 3F0577671898C6E700BB383A /* Build configuration list for PBXProject "Udemy-iOSFeeder" */;
			compatibilityVersion = "Xcode 3.2";
			developmentRegion = English;
			hasScannedForEncodings = 0;
			knownRegions = (
				en,
				Base,
			);
			mainGroup = 3F0577631898C6E700BB383A;
			productRefGroup = 3F05776D1898C6E700BB383A /* Products */;
			projectDirPath = "";
			projectRoot = "";
			targets = (
				3F05776B1898C6E700BB383A /* Udemy-iOSFeeder */,
				3F05778C1898C6E700BB383A /* Udemy-iOSFeederTests */,
			);
		};
/* End PBXProject section */

/* Begin PBXResourcesBuildPhase section */
		3F05776A1898C6E700BB383A /* Resources */ = {
			isa = PBXResourcesBuildPhase;
			buildActionMask = 2147483647;
			files = (
				3F0577881898C6E700BB383A /* Images.xcassets in Resources */,
				3F05777A1898C6E700BB383A /* InfoPlist.strings in Resources */,
				3F0577831898C6E700BB383A /* Main.storyboard in Resources */,
			);
			runOnlyForDeploymentPostprocessing = 0;
		};
		3F05778B1898C6E700BB383A /* Resources */ = {
			isa = PBXResourcesBuildPhase;
			buildActionMask = 2147483647;
			files = (
				3F0577991898C6E700BB383A /* InfoPlist.strings in Resources */,
			);
			runOnlyForDeploymentPostprocessing = 0;
		};
/* End PBXResourcesBuildPhase section */

/* Begin PBXSourcesBuildPhase section */
		3F0577681898C6E700BB383A /* Sources */ = {
			isa = PBXSourcesBuildPhase;
			buildActionMask = 2147483647;
			files = (
				3F05777C1898C6E700BB383A /* main.m in Sources */,
				3F0577801898C6E700BB383A /* MARAppDelegate.m in Sources */,
				3F0577861898C6E700BB383A /* MARViewController.m in Sources */,
			);
			runOnlyForDeploymentPostprocessing = 0;
		};
		3F0577891898C6E700BB383A /* Sources */ = {
			isa = PBXSourcesBuildPhase;
			buildActionMask = 2147483647;
			files = (
				3F05779B1898C6E700BB383A /* Udemy_iOSFeederTests.m in Sources */,
			);
			runOnlyForDeploymentPostprocessing = 0;
		};
/* End PBXSourcesBuildPhase section */

/* Begin PBXTargetDependency section */
		3F0577931898C6E700BB383A /* PBXTargetDependency */ = {
			isa = PBXTargetDependency;
			target = 3F05776B1898C6E700BB383A /* Udemy-iOSFeeder */;
			targetProxy = 3F0577921898C6E700BB383A /* PBXContainerItemProxy */;
		};
/* End PBXTargetDependency section */

/* Begin PBXVariantGroup section */
		3F0577781898C6E700BB383A /* InfoPlist.strings */ = {
			isa = PBXVariantGroup;
			children = (
				3F0577791898C6E700BB383A /* en */,
			);
			name = InfoPlist.strings;
			sourceTree = "<group>";
		};
		3F0577811898C6E700BB383A /* Main.storyboard */ = {
			isa = PBXVariantGroup;
			children = (
				3F0577821898C6E700BB383A /* Base */,
			);
			name = Main.storyboard;
			sourceTree = "<group>";
		};
		3F0577971898C6E700BB383A /* InfoPlist.strings */ = {
			isa = PBXVariantGroup;
			children = (
				3F0577981898C6E700BB383A /* en */,
			);
			name = InfoPlist.strings;
			sourceTree = "<group>";
		};
/* End PBXVariantGroup section */

/* Begin XCBuildConfiguration section */
		3F05779C1898C6E700BB383A /* Debug */ = {
			isa = XCBuildConfiguration;
			buildSettings = {
				ALWAYS_SEARCH_USER_PATHS = NO;
				ARCHS = "$(ARCHS_STANDARD_INCLUDING_64_BIT)";
				CLANG_CXX_LANGUAGE_STANDARD = "gnu++0x";
				CLANG_CXX_LIBRARY = "libc++";
				CLANG_ENABLE_MODULES = YES;
				CLANG_ENABLE_OBJC_ARC = YES;
				CLANG_WARN_BOOL_CONVERSION = YES;
				CLANG_WARN_CONSTANT_CONVERSION = YES;
				CLANG_WARN_DIRECT_OBJC_ISA_USAGE = YES_ERROR;
				CLANG_WARN_EMPTY_BODY = YES;
				CLANG_WARN_ENUM_CONVERSION = YES;
				CLANG_WARN_INT_CONVERSION = YES;
				CLANG_WARN_OBJC_ROOT_CLASS = YES_ERROR;
				CLANG_WARN__DUPLICATE_METHOD_MATCH = YES;
				"CODE_SIGN_IDENTITY[sdk=iphoneos*]" = "iPhone Developer";
				COPY_PHASE_STRIP = NO;
				GCC_C_LANGUAGE_STANDARD = gnu99;
				GCC_DYNAMIC_NO_PIC = NO;
				GCC_OPTIMIZATION_LEVEL = 0;
				GCC_PREPROCESSOR_DEFINITIONS = (
					"DEBUG=1",
					"$(inherited)",
				);
				GCC_SYMBOLS_PRIVATE_EXTERN = NO;
				GCC_WARN_64_TO_32_BIT_CONVERSION = YES;
				GCC_WARN_ABOUT_RETURN_TYPE = YES_ERROR;
				GCC_WARN_UNDECLARED_SELECTOR = YES;
				GCC_WARN_UNINITIALIZED_AUTOS = YES;
				GCC_WARN_UNUSED_FUNCTION = YES;
				GCC_WARN_UNUSED_VARIABLE = YES;
				IPHONEOS_DEPLOYMENT_TARGET = 7.0;
				ONLY_ACTIVE_ARCH = YES;
				SDKROOT = iphoneos;
			};
			name = Debug;
		};
		3F05779D1898C6E700BB383A /* Release */ = {
			isa = XCBuildConfiguration;
			buildSettings = {
				ALWAYS_SEARCH_USER_PATHS = NO;
				ARCHS = "$(ARCHS_STANDARD_INCLUDING_64_BIT)";
				CLANG_CXX_LANGUAGE_STANDARD = "gnu++0x";
				CLANG_CXX_LIBRARY = "libc++";
				CLANG_ENABLE_MODULES = YES;
				CLANG_ENABLE_OBJC_ARC = YES;
				CLANG_WARN_BOOL_CONVERSION = YES;
				CLANG_WARN_CONSTANT_CONVERSION = YES;
				CLANG_WARN_DIRECT_OBJC_ISA_USAGE = YES_ERROR;
				CLANG_WARN_EMPTY_BODY = YES;
				CLANG_WARN_ENUM_CONVERSION = YES;
				CLANG_WARN_INT_CONVERSION = YES;
				CLANG_WARN_OBJC_ROOT_CLASS = YES_ERROR;
				CLANG_WARN__DUPLICATE_METHOD_MATCH = YES;
				"CODE_SIGN_IDENTITY[sdk=iphoneos*]" = "iPhone Developer";
				COPY_PHASE_STRIP = YES;
				ENABLE_NS_ASSERTIONS = NO;
				GCC_C_LANGUAGE_STANDARD = gnu99;
				GCC_WARN_64_TO_32_BIT_CONVERSION = YES;
				GCC_WARN_ABOUT_RETURN_TYPE = YES_ERROR;
				GCC_WARN_UNDECLARED_SELECTOR = YES;
				GCC_WARN_UNINITIALIZED_AUTOS = YES;
				GCC_WARN_UNUSED_FUNCTION = YES;
				GCC_WARN_UNUSED_VARIABLE = YES;
				IPHONEOS_DEPLOYMENT_TARGET = 7.0;
				SDKROOT = iphoneos;
				VALIDATE_PRODUCT = YES;
			};
			name = Release;
		};
		3F05779F1898C6E700BB383A /* Debug */ = {
			isa = XCBuildConfiguration;
			buildSettings = {
				ASSETCATALOG_COMPILER_APPICON_NAME = AppIcon;
				ASSETCATALOG_COMPILER_LAUNCHIMAGE_NAME = LaunchImage;
				GCC_PRECOMPILE_PREFIX_HEADER = YES;
				GCC_PREFIX_HEADER = "Udemy-iOSFeeder/Udemy-iOSFeeder-Prefix.pch";
				INFOPLIST_FILE = "Udemy-iOSFeeder/Udemy-iOSFeeder-Info.plist";
				PRODUCT_NAME = "$(TARGET_NAME)";
				WRAPPER_EXTENSION = app;
			};
			name = Debug;
		};
		3F0577A01898C6E700BB383A /* Release */ = {
			isa = XCBuildConfiguration;
			buildSettings = {
				ASSETCATALOG_COMPILER_APPICON_NAME = AppIcon;
				ASSETCATALOG_COMPILER_LAUNCHIMAGE_NAME = LaunchImage;
				GCC_PRECOMPILE_PREFIX_HEADER = YES;
				GCC_PREFIX_HEADER = "Udemy-iOSFeeder/Udemy-iOSFeeder-Prefix.pch";
				INFOPLIST_FILE = "Udemy-iOSFeeder/Udemy-iOSFeeder-Info.plist";
				PRODUCT_NAME = "$(TARGET_NAME)";
				WRAPPER_EXTENSION = app;
			};
			name = Release;
		};
		3F0577A21898C6E700BB383A /* Debug */ = {
			isa = XCBuildConfiguration;
			buildSettings = {
				ARCHS = "$(ARCHS_STANDARD_INCLUDING_64_BIT)";
				BUNDLE_LOADER = "$(BUILT_PRODUCTS_DIR)/Udemy-iOSFeeder.app/Udemy-iOSFeeder";
				FRAMEWORK_SEARCH_PATHS = (
					"$(SDKROOT)/Developer/Library/Frameworks",
					"$(inherited)",
					"$(DEVELOPER_FRAMEWORKS_DIR)",
				);
				GCC_PRECOMPILE_PREFIX_HEADER = YES;
				GCC_PREFIX_HEADER = "Udemy-iOSFeeder/Udemy-iOSFeeder-Prefix.pch";
				GCC_PREPROCESSOR_DEFINITIONS = (
					"DEBUG=1",
					"$(inherited)",
				);
				INFOPLIST_FILE = "Udemy-iOSFeederTests/Udemy-iOSFeederTests-Info.plist";
				PRODUCT_NAME = "$(TARGET_NAME)";
				TEST_HOST = "$(BUNDLE_LOADER)";
				WRAPPER_EXTENSION = xctest;
			};
			name = Debug;
		};
		3F0577A31898C6E700BB383A /* Release */ = {
			isa = XCBuildConfiguration;
			buildSettings = {
				ARCHS = "$(ARCHS_STANDARD_INCLUDING_64_BIT)";
				BUNDLE_LOADER = "$(BUILT_PRODUCTS_DIR)/Udemy-iOSFeeder.app/Udemy-iOSFeeder";
				FRAMEWORK_SEARCH_PATHS = (
					"$(SDKROOT)/Developer/Library/Frameworks",
					"$(inherited)",
					"$(DEVELOPER_FRAMEWORKS_DIR)",
				);
				GCC_PRECOMPILE_PREFIX_HEADER = YES;
				GCC_PREFIX_HEADER = "Udemy-iOSFeeder/Udemy-iOSFeeder-Prefix.pch";
				INFOPLIST_FILE = "Udemy-iOSFeederTests/Udemy-iOSFeederTests-Info.plist";
				PRODUCT_NAME = "$(TARGET_NAME)";
				TEST_HOST = "$(BUNDLE_LOADER)";
				WRAPPER_EXTENSION = xctest;
			};
			name = Release;
		};
/* End XCBuildConfiguration section */

/* Begin XCConfigurationList section */
		3F0577671898C6E700BB383A /* Build configuration list for PBXProject "Udemy-iOSFeeder" */ = {
			isa = XCConfigurationList;
			buildConfigurations = (
				3F05779C1898C6E700BB383A /* Debug */,
				3F05779D1898C6E700BB383A /* Release */,
			);
			defaultConfigurationIsVisible = 0;
			defaultConfigurationName = Release;
		};
		3F05779E1898C6E700BB383A /* Build configuration list for PBXNativeTarget "Udemy-iOSFeeder" */ = {
			isa = XCConfigurationList;
			buildConfigurations = (
				3F05779F1898C6E700BB383A /* Debug */,
				3F0577A01898C6E700BB383A /* Release */,
			);
			defaultConfigurationIsVisible = 0;
		};
		3F0577A11898C6E700BB383A /* Build configuration list for PBXNativeTarget "Udemy-iOSFeederTests" */ = {
			isa = XCConfigurationList;
			buildConfigurations = (
				3F0577A21898C6E700BB383A /* Debug */,
				3F0577A31898C6E700BB383A /* Release */,
			);
			defaultConfigurationIsVisible = 0;
		};
/* End XCConfigurationList section */
	};
	rootObject = 3F0577641898C6E700BB383A /* Project object */;
}
